
Microsoft Visual Studio Solution File, Format Version 12.00
# Visual Studio Version 17
VisualStudioVersion = 17.0.31903.59
MinimumVisualStudioVersion = 10.0.40219.1
Project("{FAE04EC0-301F-11D3-BF4B-00C04F79EFBC}") = "LoupedeckWebConfigLib", "LoupedeckWebConfigLib\LoupedeckWebConfigLib.csproj", "{CA5A6B7E-1408-4B02-A835-02E0E96E9D1D}"
EndProject
Project("{FAE04EC0-301F-11D3-BF4B-00C04F79EFBC}") = "LoupedeckWebConfigLib.TestConsole", "LoupedeckWebConfigLib.TestConsole\LoupedeckWebConfigLib.TestConsole.csproj", "{81E42E4D-1558-4C92-B095-CC10F0EA7744}"
EndProject
Global
	GlobalSection(SolutionConfigurationPlatforms) = preSolution
		Debug|Any CPU = Debug|Any CPU
		Release|Any CPU = Release|Any CPU
	EndGlobalSection
	GlobalSection(SolutionProperties) = preSolution
		HideSolutionNode = FALSE
	EndGlobalSection
	GlobalSection(ProjectConfigurationPlatforms) = postSolution
		{CA5A6B7E-1408-4B02-A835-02E0E96E9D1D}.Debug|Any CPU.ActiveCfg = Debug|Any CPU
		{CA5A6B7E-1408-4B02-A835-02E0E96E9D1D}.Debug|Any CPU.Build.0 = Debug|Any CPU
		{CA5A6B7E-1408-4B02-A835-02E0E96E9D1D}.Release|Any CPU.ActiveCfg = Release|Any CPU
		{CA5A6B7E-1408-4B02-A835-02E0E96E9D1D}.Release|Any CPU.Build.0 = Release|Any CPU
		{81E42E4D-1558-4C92-B095-CC10F0EA7744}.Debug|Any CPU.ActiveCfg = Debug|Any CPU
		{81E42E4D-1558-4C92-B095-CC10F0EA7744}.Debug|Any CPU.Build.0 = Debug|Any CPU
		{81E42E4D-1558-4C92-B095-CC10F0EA7744}.Release|Any CPU.ActiveCfg = Release|Any CPU
	EndGlobalSection
EndGlobal
